
Microsoft Visual Studio Solution File, Format Version 12.00
# Visual Studio Version 17
VisualStudioVersion = 17.7.34031.279
MinimumVisualStudioVersion = 10.0.40219.1
Project("{F184B08F-C81C-45F6-A57F-5ABD9991F28F}") = "Stringtalkingandwalking", "Stringtalkingandwalking.vbproj", "{AFA16D86-EB01-4AFC-BE3D-7437219B5707}"
EndProject
Global
	GlobalSection(SolutionConfigurationPlatforms) = preSolution
		Debug|Any CPU = Debug|Any CPU
		Release|Any CPU = Release|Any CPU
	EndGlobalSection
	GlobalSection(ProjectConfigurationPlatforms) = postSolution
		{AFA16D86-EB01-4AFC-BE3D-7437219B5707}.Debug|Any CPU.ActiveCfg = Debug|Any CPU
		{AFA16D86-EB01-4AFC-BE3D-7437219B5707}.Debug|Any CPU.Build.0 = Debug|Any CPU
		{AFA16D86-EB01-4AFC-BE3D-7437219B5707}.Release|Any CPU.ActiveCfg = Release|Any CPU
		{AFA16D86-EB01-4AFC-BE3D-7437219B5707}.Release|Any CPU.Build.0 = Release|Any CPU
	EndGlobalSection
	GlobalSection(SolutionProperties) = preSolution
		HideSolutionNode = FALSE
	EndGlobalSection
	GlobalSection(ExtensibilityGlobals) = postSolution
		SolutionGuid = {5AE44AFF-1925-4BA5-BE8A-D7566A1AC34A}
	EndGlobalSection
EndGlobal
